{
    "_readme": [
        "This file locks the dependencies of your project to a known state",
        "Read more about it at https://getcomposer.org/doc/01-basic-usage.md#installing-dependencies",
        "This file is @generated automatically"
    ],
    "content-hash": "af861ac0b893fe6b81463238c0451cca",
    "packages": [
        {
            "name": "michelf/php-smartypants",
            "version": "1.8.1",
            "source": {
                "type": "git",
                "url": "https://github.com/michelf/php-smartypants.git",
                "reference": "47d17c90a4dfd0ccf1f87e25c65e6c8012415aad"
            },
            "dist": {
                "type": "zip",
                "url": "https://api.github.com/repos/michelf/php-smartypants/zipball/47d17c90a4dfd0ccf1f87e25c65e6c8012415aad",
                "reference": "47d17c90a4dfd0ccf1f87e25c65e6c8012415aad",
                "shasum": ""
            },
            "require": {
                "php": ">=5.3.0"
            },
            "type": "library",
            "autoload": {
                "psr-0": {
                    "Michelf": ""
                }
            },
            "notification-url": "https://packagist.org/downloads/",
            "license": [
                "BSD-3-Clause"
            ],
            "authors": [
                {
                    "name": "Michel Fortin",
                    "email": "michel.fortin@michelf.ca",
                    "homepage": "https://michelf.ca/",
                    "role": "Developer"
                },
                {
                    "name": "John Gruber",
                    "homepage": "https://daringfireball.net/"
                }
            ],
            "description": "PHP SmartyPants",
            "homepage": "https://michelf.ca/projects/php-smartypants/",
            "keywords": [
                "dashes",
                "quotes",
                "spaces",
                "typographer",
                "typography"
            ],
            "time": "2016-12-13T01:01:17+00:00"
        }
    ],
    "packages-dev": [],
    "aliases": [],
    "minimum-stability": "stable",
    "stability-flags": [],
    "prefer-stable": false,
    "prefer-lowest": false,
    "platform": [],
    "platform-dev": []
}
